
Microsoft Visual Studio Solution File, Format Version 12.00
# Visual Studio Version 16
VisualStudioVersion = 16.0.29102.190
MinimumVisualStudioVersion = 10.0.40219.1
Project("{FAE04EC0-301F-11D3-BF4B-00C04F79EFBC}") = "lab6", "lab6\lab6.csproj", "{FC08F288-888F-416F-87F1-2A7EA18AF3D8}"
EndProject
Project("{FAE04EC0-301F-11D3-BF4B-00C04F79EFBC}") = "Models", "Models\Models.csproj", "{37A9A645-202A-48C3-B09E-B37D9C124DDC}"
EndProject
Project("{FAE04EC0-301F-11D3-BF4B-00C04F79EFBC}") = "DictionaryInterface", "DictionaryInterface\DictionaryInterface.csproj", "{2CC12CA2-DC55-4CEA-9B82-DE7F0E94C2F7}"
EndProject
Project("{FAE04EC0-301F-11D3-BF4B-00C04F79EFBC}") = "JsonRepo", "JsonRepo\JsonRepo.csproj", "{EB461B2C-A48F-432F-8F75-E7512C34F968}"
EndProject
Project("{FAE04EC0-301F-11D3-BF4B-00C04F79EFBC}") = "SqlRepo", "SqlRepo\SqlRepo.csproj", "{C1D886B8-D719-4FA7-903D-70CBE0B0B83D}"
EndProject
Global
	GlobalSection(SolutionConfigurationPlatforms) = preSolution
		Debug|Any CPU = Debug|Any CPU
		Release|Any CPU = Release|Any CPU
	EndGlobalSection
	GlobalSection(ProjectConfigurationPlatforms) = postSolution
		{FC08F288-888F-416F-87F1-2A7EA18AF3D8}.Debug|Any CPU.ActiveCfg = Debug|Any CPU
		{FC08F288-888F-416F-87F1-2A7EA18AF3D8}.Debug|Any CPU.Build.0 = Debug|Any CPU
		{FC08F288-888F-416F-87F1-2A7EA18AF3D8}.Release|Any CPU.ActiveCfg = Release|Any CPU
		{FC08F288-888F-416F-87F1-2A7EA18AF3D8}.Release|Any CPU.Build.0 = Release|Any CPU
		{37A9A645-202A-48C3-B09E-B37D9C124DDC}.Debug|Any CPU.ActiveCfg = Debug|Any CPU
		{37A9A645-202A-48C3-B09E-B37D9C124DDC}.Debug|Any CPU.Build.0 = Debug|Any CPU
		{37A9A645-202A-48C3-B09E-B37D9C124DDC}.Release|Any CPU.ActiveCfg = Release|Any CPU
		{37A9A645-202A-48C3-B09E-B37D9C124DDC}.Release|Any CPU.Build.0 = Release|Any CPU
		{2CC12CA2-DC55-4CEA-9B82-DE7F0E94C2F7}.Debug|Any CPU.ActiveCfg = Debug|Any CPU
		{2CC12CA2-DC55-4CEA-9B82-DE7F0E94C2F7}.Debug|Any CPU.Build.0 = Debug|Any CPU
		{2CC12CA2-DC55-4CEA-9B82-DE7F0E94C2F7}.Release|Any CPU.ActiveCfg = Release|Any CPU
		{2CC12CA2-DC55-4CEA-9B82-DE7F0E94C2F7}.Release|Any CPU.Build.0 = Release|Any CPU
		{EB461B2C-A48F-432F-8F75-E7512C34F968}.Debug|Any CPU.ActiveCfg = Debug|Any CPU
		{EB461B2C-A48F-432F-8F75-E7512C34F968}.Debug|Any CPU.Build.0 = Debug|Any CPU
		{EB461B2C-A48F-432F-8F75-E7512C34F968}.Release|Any CPU.ActiveCfg = Release|Any CPU
		{EB461B2C-A48F-432F-8F75-E7512C34F968}.Release|Any CPU.Build.0 = Release|Any CPU
		{C1D886B8-D719-4FA7-903D-70CBE0B0B83D}.Debug|Any CPU.ActiveCfg = Debug|Any CPU
		{C1D886B8-D719-4FA7-903D-70CBE0B0B83D}.Debug|Any CPU.Build.0 = Debug|Any CPU
		{C1D886B8-D719-4FA7-903D-70CBE0B0B83D}.Release|Any CPU.ActiveCfg = Release|Any CPU
		{C1D886B8-D719-4FA7-903D-70CBE0B0B83D}.Release|Any CPU.Build.0 = Release|Any CPU
	EndGlobalSection
	GlobalSection(SolutionProperties) = preSolution
		HideSolutionNode = FALSE
	EndGlobalSection
	GlobalSection(ExtensibilityGlobals) = postSolution
		SolutionGuid = {57F5D3C4-36C4-4513-9002-F09BA80138DB}
	EndGlobalSection
EndGlobal
